// !$*UTF8*$!
{
	archiveVersion = 1;
	classes = {
	};
	objectVersion = 56;
	objects = {

/* Begin PBXBuildFile section */
		A12A3E132A3F2AB700A87B71 /* Person.cpp in Sources */ = {isa = PBXBuildFile; fileRef = A12A3E122A3F2AB700A87B71 /* Person.cpp */; };
		A12A3E152A3F2AB900A87B71 /* tree.cpp in Sources */ = {isa = PBXBuildFile; fileRef = A12A3E142A3F2AB900A87B71 /* tree.cpp */; };
		A12A3E192A3F2AC400A87B71 /* PersonTree.cpp in Sources */ = {isa = PBXBuildFile; fileRef = A12A3E182A3F2AC400A87B71 /* PersonTree.cpp */; };
		A12A3E1D2A3F2ACB00A87B71 /* PersonTree_tests.cpp in Sources */ = {isa = PBXBuildFile; fileRef = A12A3E1C2A3F2ACB00A87B71 /* PersonTree_tests.cpp */; };
/* End PBXBuildFile section */

/* Begin PBXCopyFilesBuildPhase section */
		A12A3D7B2A3F29E600A87B71 /* CopyFiles */ = {
			isa = PBXCopyFilesBuildPhase;
			buildActionMask = 2147483647;
			dstPath = /usr/share/man/man1/;
			dstSubfolderSpec = 0;
			files = (
			);
			runOnlyForDeploymentPostprocessing = 1;
		};
/* End PBXCopyFilesBuildPhase section */

/* Begin PBXFileReference section */
		A12A3D7D2A3F29E600A87B71 /* pro */ = {isa = PBXFileReference; explicitFileType = "compiled.mach-o.executable"; includeInIndex = 0; path = pro; sourceTree = BUILT_PRODUCTS_DIR; };
		A12A3E122A3F2AB700A87B71 /* Person.cpp */ = {isa = PBXFileReference; lastKnownFileType = sourcecode.cpp.cpp; path = Person.cpp; sourceTree = "<group>"; };
		A12A3E142A3F2AB900A87B71 /* tree.cpp */ = {isa = PBXFileReference; lastKnownFileType = sourcecode.cpp.cpp; path = tree.cpp; sourceTree = "<group>"; };
		A12A3E162A3F2ABC00A87B71 /* tree.h */ = {isa = PBXFileReference; lastKnownFileType = sourcecode.c.h; path = tree.h; sourceTree = "<group>"; };
		A12A3E172A3F2AC000A87B71 /* doctest.h */ = {isa = PBXFileReference; lastKnownFileType = sourcecode.c.h; path = doctest.h; sourceTree = "<group>"; };
		A12A3E182A3F2AC400A87B71 /* PersonTree.cpp */ = {isa = PBXFileReference; lastKnownFileType = sourcecode.cpp.cpp; path = PersonTree.cpp; sourceTree = "<group>"; };
		A12A3E1A2A3F2AC700A87B71 /* PersonTree.csv */ = {isa = PBXFileReference; lastKnownFileType = text; path = PersonTree.csv; sourceTree = "<group>"; };
		A12A3E1B2A3F2AC800A87B71 /* Person.h */ = {isa = PBXFileReference; lastKnownFileType = sourcecode.c.h; path = Person.h; sourceTree = "<group>"; };
		A12A3E1C2A3F2ACB00A87B71 /* PersonTree_tests.cpp */ = {isa = PBXFileReference; lastKnownFileType = sourcecode.cpp.cpp; path = PersonTree_tests.cpp; sourceTree = "<group>"; };
/* End PBXFileReference section */

/* Begin PBXFrameworksBuildPhase section */
		A12A3D7A2A3F29E600A87B71 /* Frameworks */ = {
			isa = PBXFrameworksBuildPhase;
			buildActionMask = 2147483647;
			files = (
			);
			runOnlyForDeploymentPostprocessing = 0;
		};
/* End PBXFrameworksBuildPhase section */

/* Begin PBXGroup section */
		A12A3D742A3F29E600A87B71 = {
			isa = PBXGroup;
			children = (
				A12A3D7F2A3F29E600A87B71 /* pro */,
				A12A3D7E2A3F29E600A87B71 /* Products */,
			);
			sourceTree = "<group>";
		};
		A12A3D7E2A3F29E600A87B71 /* Products */ = {
			isa = PBXGroup;
			children = (
				A12A3D7D2A3F29E600A87B71 /* pro */,
			);
			name = Products;
			sourceTree = "<group>";
		};
		A12A3D7F2A3F29E600A87B71 /* pro */ = {
			isa = PBXGroup;
			children = (
				A12A3E122A3F2AB700A87B71 /* Person.cpp */,
				A12A3E142A3F2AB900A87B71 /* tree.cpp */,
				A12A3E162A3F2ABC00A87B71 /* tree.h */,
				A12A3E172A3F2AC000A87B71 /* doctest.h */,
				A12A3E182A3F2AC400A87B71 /* PersonTree.cpp */,
				A12A3E1A2A3F2AC700A87B71 /* PersonTree.csv */,
				A12A3E1B2A3F2AC800A87B71 /* Person.h */,
				A12A3E1C2A3F2ACB00A87B71 /* PersonTree_tests.cpp */,
			);
			path = pro;
			sourceTree = "<group>";
		};
/* End PBXGroup section */

/* Begin PBXNativeTarget section */
		A12A3D7C2A3F29E600A87B71 /* pro */ = {
			isa = PBXNativeTarget;
			buildConfigurationList = A12A3D842A3F29E600A87B71 /* Build configuration list for PBXNativeTarget "pro" */;
			buildPhases = (
				A12A3D792A3F29E600A87B71 /* Sources */,
				A12A3D7A2A3F29E600A87B71 /* Frameworks */,
				A12A3D7B2A3F29E600A87B71 /* CopyFiles */,
			);
			buildRules = (
			);
			dependencies = (
			);
			name = pro;
			productName = pro;
			productReference = A12A3D7D2A3F29E600A87B71 /* pro */;
			productType = "com.apple.product-type.tool";
		};
/* End PBXNativeTarget section */

/* Begin PBXProject section */
		A12A3D752A3F29E600A87B71 /* Project object */ = {
			isa = PBXProject;
			attributes = {
				BuildIndependentTargetsInParallel = 1;
				LastUpgradeCheck = 1430;
				TargetAttributes = {
					A12A3D7C2A3F29E600A87B71 = {
						CreatedOnToolsVersion = 14.3.1;
					};
				};
			};
			buildConfigurationList = A12A3D782A3F29E600A87B71 /* Build configuration list for PBXProject "pro" */;
			compatibilityVersion = "Xcode 14.0";
			developmentRegion = en;
			hasScannedForEncodings = 0;
			knownRegions = (
				en,
				Base,
			);
			mainGroup = A12A3D742A3F29E600A87B71;
			productRefGroup = A12A3D7E2A3F29E600A87B71 /* Products */;
			projectDirPath = "";
			projectRoot = "";
			targets = (
				A12A3D7C2A3F29E600A87B71 /* pro */,
			);
		};
/* End PBXProject section */

/* Begin PBXSourcesBuildPhase section */
		A12A3D792A3F29E600A87B71 /* Sources */ = {
			isa = PBXSourcesBuildPhase;
			buildActionMask = 2147483647;
			files = (
				A12A3E152A3F2AB900A87B71 /* tree.cpp in Sources */,
				A12A3E192A3F2AC400A87B71 /* PersonTree.cpp in Sources */,
				A12A3E132A3F2AB700A87B71 /* Person.cpp in Sources */,
				A12A3E1D2A3F2ACB00A87B71 /* PersonTree_tests.cpp in Sources */,
			);
			runOnlyForDeploymentPostprocessing = 0;
		};
/* End PBXSourcesBuildPhase section */

/* Begin XCBuildConfiguration section */
		A12A3D822A3F29E600A87B71 /* Debug */ = {
			isa = XCBuildConfiguration;
			buildSettings = {
				ALWAYS_SEARCH_USER_PATHS = NO;
				CLANG_ANALYZER_NONNULL = YES;
				CLANG_ANALYZER_NUMBER_OBJECT_CONVERSION = YES_AGGRESSIVE;
				CLANG_CXX_LANGUAGE_STANDARD = "gnu++20";
				CLANG_ENABLE_MODULES = YES;
				CLANG_ENABLE_OBJC_ARC = YES;
				CLANG_ENABLE_OBJC_WEAK = YES;
				CLANG_WARN_BLOCK_CAPTURE_AUTORELEASING = YES;
				CLANG_WARN_BOOL_CONVERSION = YES;
				CLANG_WARN_COMMA = YES;
				CLANG_WARN_CONSTANT_CONVERSION = YES;
				CLANG_WARN_DEPRECATED_OBJC_IMPLEMENTATIONS = YES;
				CLANG_WARN_DIRECT_OBJC_ISA_USAGE = YES_ERROR;
				CLANG_WARN_DOCUMENTATION_COMMENTS = YES;
				CLANG_WARN_EMPTY_BODY = YES;
				CLANG_WARN_ENUM_CONVERSION = YES;
				CLANG_WARN_INFINITE_RECURSION = YES;
				CLANG_WARN_INT_CONVERSION = YES;
				CLANG_WARN_NON_LITERAL_NULL_CONVERSION = YES;
				CLANG_WARN_OBJC_IMPLICIT_RETAIN_SELF = YES;
				CLANG_WARN_OBJC_LITERAL_CONVERSION = YES;
				CLANG_WARN_OBJC_ROOT_CLASS = YES_ERROR;
				CLANG_WARN_QUOTED_INCLUDE_IN_FRAMEWORK_HEADER = YES;
				CLANG_WARN_RANGE_LOOP_ANALYSIS = YES;
				CLANG_WARN_STRICT_PROTOTYPES = YES;
				CLANG_WARN_SUSPICIOUS_MOVE = YES;
				CLANG_WARN_UNGUARDED_AVAILABILITY = YES_AGGRESSIVE;
				CLANG_WARN_UNREACHABLE_CODE = YES;
				CLANG_WARN__DUPLICATE_METHOD_MATCH = YES;
				COPY_PHASE_STRIP = NO;
				DEBUG_INFORMATION_FORMAT = dwarf;
				ENABLE_STRICT_OBJC_MSGSEND = YES;
				ENABLE_TESTABILITY = YES;
				GCC_C_LANGUAGE_STANDARD = gnu11;
				GCC_DYNAMIC_NO_PIC = NO;
				GCC_NO_COMMON_BLOCKS = YES;
				GCC_OPTIMIZATION_LEVEL = 0;
				GCC_PREPROCESSOR_DEFINITIONS = (
					"DEBUG=1",
					"$(inherited)",
				);
				GCC_WARN_64_TO_32_BIT_CONVERSION = YES;
				GCC_WARN_ABOUT_RETURN_TYPE = YES_ERROR;
				GCC_WARN_UNDECLARED_SELECTOR = YES;
				GCC_WARN_UNINITIALIZED_AUTOS = YES_AGGRESSIVE;
				GCC_WARN_UNUSED_FUNCTION = YES;
				GCC_WARN_UNUSED_VARIABLE = YES;
				MACOSX_DEPLOYMENT_TARGET = 13.2;
				MTL_ENABLE_DEBUG_INFO = INCLUDE_SOURCE;
				MTL_FAST_MATH = YES;
				ONLY_ACTIVE_ARCH = YES;
				SDKROOT = macosx;
			};
			name = Debug;
		};
		A12A3D832A3F29E600A87B71 /* Release */ = {
			isa = XCBuildConfiguration;
			buildSettings = {
				ALWAYS_SEARCH_USER_PATHS = NO;
				CLANG_ANALYZER_NONNULL = YES;
				CLANG_ANALYZER_NUMBER_OBJECT_CONVERSION = YES_AGGRESSIVE;
				CLANG_CXX_LANGUAGE_STANDARD = "gnu++20";
				CLANG_ENABLE_MODULES = YES;
				CLANG_ENABLE_OBJC_ARC = YES;
				CLANG_ENABLE_OBJC_WEAK = YES;
				CLANG_WARN_BLOCK_CAPTURE_AUTORELEASING = YES;
				CLANG_WARN_BOOL_CONVERSION = YES;
				CLANG_WARN_COMMA = YES;
				CLANG_WARN_CONSTANT_CONVERSION = YES;
				CLANG_WARN_DEPRECATED_OBJC_IMPLEMENTATIONS = YES;
				CLANG_WARN_DIRECT_OBJC_ISA_USAGE = YES_ERROR;
				CLANG_WARN_DOCUMENTATION_COMMENTS = YES;
				CLANG_WARN_EMPTY_BODY = YES;
				CLANG_WARN_ENUM_CONVERSION = YES;
				CLANG_WARN_INFINITE_RECURSION = YES;
				CLANG_WARN_INT_CONVERSION = YES;
				CLANG_WARN_NON_LITERAL_NULL_CONVERSION = YES;
				CLANG_WARN_OBJC_IMPLICIT_RETAIN_SELF = YES;
				CLANG_WARN_OBJC_LITERAL_CONVERSION = YES;
				CLANG_WARN_OBJC_ROOT_CLASS = YES_ERROR;
				CLANG_WARN_QUOTED_INCLUDE_IN_FRAMEWORK_HEADER = YES;
				CLANG_WARN_RANGE_LOOP_ANALYSIS = YES;
				CLANG_WARN_STRICT_PROTOTYPES = YES;
				CLANG_WARN_SUSPICIOUS_MOVE = YES;
				CLANG_WARN_UNGUARDED_AVAILABILITY = YES_AGGRESSIVE;
				CLANG_WARN_UNREACHABLE_CODE = YES;
				CLANG_WARN__DUPLICATE_METHOD_MATCH = YES;
				COPY_PHASE_STRIP = NO;
				DEBUG_INFORMATION_FORMAT = "dwarf-with-dsym";
				ENABLE_NS_ASSERTIONS = NO;
				ENABLE_STRICT_OBJC_MSGSEND = YES;
				GCC_C_LANGUAGE_STANDARD = gnu11;
				GCC_NO_COMMON_BLOCKS = YES;
				GCC_WARN_64_TO_32_BIT_CONVERSION = YES;
				GCC_WARN_ABOUT_RETURN_TYPE = YES_ERROR;
				GCC_WARN_UNDECLARED_SELECTOR = YES;
				GCC_WARN_UNINITIALIZED_AUTOS = YES_AGGRESSIVE;
				GCC_WARN_UNUSED_FUNCTION = YES;
				GCC_WARN_UNUSED_VARIABLE = YES;
				MACOSX_DEPLOYMENT_TARGET = 13.2;
				MTL_ENABLE_DEBUG_INFO = NO;
				MTL_FAST_MATH = YES;
				SDKROOT = macosx;
			};
			name = Release;
		};
		A12A3D852A3F29E600A87B71 /* Debug */ = {
			isa = XCBuildConfiguration;
			buildSettings = {
				CODE_SIGN_STYLE = Automatic;
				PRODUCT_NAME = "$(TARGET_NAME)";
			};
			name = Debug;
		};
		A12A3D862A3F29E600A87B71 /* Release */ = {
			isa = XCBuildConfiguration;
			buildSettings = {
				CODE_SIGN_STYLE = Automatic;
				PRODUCT_NAME = "$(TARGET_NAME)";
			};
			name = Release;
		};
/* End XCBuildConfiguration section */

/* Begin XCConfigurationList section */
		A12A3D782A3F29E600A87B71 /* Build configuration list for PBXProject "pro" */ = {
			isa = XCConfigurationList;
			buildConfigurations = (
				A12A3D822A3F29E600A87B71 /* Debug */,
				A12A3D832A3F29E600A87B71 /* Release */,
			);
			defaultConfigurationIsVisible = 0;
			defaultConfigurationName = Release;
		};
		A12A3D842A3F29E600A87B71 /* Build configuration list for PBXNativeTarget "pro" */ = {
			isa = XCConfigurationList;
			buildConfigurations = (
				A12A3D852A3F29E600A87B71 /* Debug */,
				A12A3D862A3F29E600A87B71 /* Release */,
			);
			defaultConfigurationIsVisible = 0;
			defaultConfigurationName = Release;
		};
/* End XCConfigurationList section */
	};
	rootObject = A12A3D752A3F29E600A87B71 /* Project object */;
}
